
Microsoft Visual Studio Solution File, Format Version 12.00
# Visual Studio Version 17
VisualStudioVersion = 17.10.34916.146
MinimumVisualStudioVersion = 10.0.40219.1
Project("{FAE04EC0-301F-11D3-BF4B-00C04F79EFBC}") = "fracciones", "fracciones.csproj", "{6E335313-9FF7-4532-9E7E-C74F3BD816A1}"
EndProject
Global
	GlobalSection(SolutionConfigurationPlatforms) = preSolution
		Debug|Any CPU = Debug|Any CPU
		Release|Any CPU = Release|Any CPU
	EndGlobalSection
	GlobalSection(ProjectConfigurationPlatforms) = postSolution
		{6E335313-9FF7-4532-9E7E-C74F3BD816A1}.Debug|Any CPU.ActiveCfg = Debug|Any CPU
		{6E335313-9FF7-4532-9E7E-C74F3BD816A1}.Debug|Any CPU.Build.0 = Debug|Any CPU
		{6E335313-9FF7-4532-9E7E-C74F3BD816A1}.Release|Any CPU.ActiveCfg = Release|Any CPU
		{6E335313-9FF7-4532-9E7E-C74F3BD816A1}.Release|Any CPU.Build.0 = Release|Any CPU
	EndGlobalSection
	GlobalSection(SolutionProperties) = preSolution
		HideSolutionNode = FALSE
	EndGlobalSection
	GlobalSection(ExtensibilityGlobals) = postSolution
		SolutionGuid = {E95272F9-2752-4AEC-98D5-365FC3263F78}
	EndGlobalSection
EndGlobal
